// !$*UTF8*$!
{
	archiveVersion = 1;
	classes = {
	};
	objectVersion = 46;
	objects = {

/* Begin PBXBuildFile section */
		EE05EBB01D4E410B0013DBDF /* AgregarLibroTVC.swift in Sources */ = {isa = PBXBuildFile; fileRef = EE05EBAF1D4E410B0013DBDF /* AgregarLibroTVC.swift */; };
		EE05EBB21D4E412A0013DBDF /* Libro.swift in Sources */ = {isa = PBXBuildFile; fileRef = EE05EBB11D4E412A0013DBDF /* Libro.swift */; };
		EE05EBB61D4E44D30013DBDF /* DetailLibroVC.swift in Sources */ = {isa = PBXBuildFile; fileRef = EE05EBB51D4E44D30013DBDF /* DetailLibroVC.swift */; };
		EE2E25E81D4E584D001910BF /* Interface.storyboard in Resources */ = {isa = PBXBuildFile; fileRef = EE2E25E61D4E584D001910BF /* Interface.storyboard */; };
		EE2E25EA1D4E584D001910BF /* Assets.xcassets in Resources */ = {isa = PBXBuildFile; fileRef = EE2E25E91D4E584D001910BF /* Assets.xcassets */; };
		EE2E25F11D4E584D001910BF /* ProyectoFinalv2AW Extension.appex in Embed App Extensions */ = {isa = PBXBuildFile; fileRef = EE2E25F01D4E584D001910BF /* ProyectoFinalv2AW Extension.appex */; settings = {ATTRIBUTES = (RemoveHeadersOnCopy, ); }; };
		EE2E25F61D4E584D001910BF /* InterfaceController.swift in Sources */ = {isa = PBXBuildFile; fileRef = EE2E25F51D4E584D001910BF /* InterfaceController.swift */; };
		EE2E25F81D4E584D001910BF /* ExtensionDelegate.swift in Sources */ = {isa = PBXBuildFile; fileRef = EE2E25F71D4E584D001910BF /* ExtensionDelegate.swift */; };
		EE2E25FA1D4E584D001910BF /* Assets.xcassets in Resources */ = {isa = PBXBuildFile; fileRef = EE2E25F91D4E584D001910BF /* Assets.xcassets */; };
		EE2E25FF1D4E584D001910BF /* ProyectoFinalv2AW.app in Embed Watch Content */ = {isa = PBXBuildFile; fileRef = EE2E25E41D4E584D001910BF /* ProyectoFinalv2AW.app */; };
		EE8EF29D1D46BC7D0028A2B4 /* TestAnnotationView.swift in Sources */ = {isa = PBXBuildFile; fileRef = EE8EF29C1D46BC7D0028A2B4 /* TestAnnotationView.swift */; };
		EEDA3F5E1D3CE040009E6597 /* AppDelegate.swift in Sources */ = {isa = PBXBuildFile; fileRef = EEDA3F5D1D3CE040009E6597 /* AppDelegate.swift */; };
		EEDA3F601D3CE040009E6597 /* ViewController.swift in Sources */ = {isa = PBXBuildFile; fileRef = EEDA3F5F1D3CE040009E6597 /* ViewController.swift */; };
		EEDA3F631D3CE040009E6597 /* Main.storyboard in Resources */ = {isa = PBXBuildFile; fileRef = EEDA3F611D3CE040009E6597 /* Main.storyboard */; };
		EEDA3F661D3CE040009E6597 /* ProyectoFinalv2.xcdatamodeld in Sources */ = {isa = PBXBuildFile; fileRef = EEDA3F641D3CE040009E6597 /* ProyectoFinalv2.xcdatamodeld */; };
		EEDA3F681D3CE040009E6597 /* Assets.xcassets in Resources */ = {isa = PBXBuildFile; fileRef = EEDA3F671D3CE040009E6597 /* Assets.xcassets */; };
		EEDA3F6B1D3CE040009E6597 /* LaunchScreen.storyboard in Resources */ = {isa = PBXBuildFile; fileRef = EEDA3F691D3CE040009E6597 /* LaunchScreen.storyboard */; };
		EEDA3F761D3CE040009E6597 /* ProyectoFinalv2Tests.swift in Sources */ = {isa = PBXBuildFile; fileRef = EEDA3F751D3CE040009E6597 /* ProyectoFinalv2Tests.swift */; };
		EEDA3F811D3CE040009E6597 /* ProyectoFinalv2UITests.swift in Sources */ = {isa = PBXBuildFile; fileRef = EEDA3F801D3CE040009E6597 /* ProyectoFinalv2UITests.swift */; };
		EEDA3F911D3CF561009E6597 /* Ruta.swift in Sources */ = {isa = PBXBuildFile; fileRef = EEDA3F901D3CF561009E6597 /* Ruta.swift */; };
		EEDA3F931D3CF586009E6597 /* Punto.swift in Sources */ = {isa = PBXBuildFile; fileRef = EEDA3F921D3CF586009E6597 /* Punto.swift */; };
		EEDA3F951D3CF838009E6597 /* MapLocatorVC.swift in Sources */ = {isa = PBXBuildFile; fileRef = EEDA3F941D3CF838009E6597 /* MapLocatorVC.swift */; };
		EEDA3F971D3D0C7E009E6597 /* QRReaderVC.swift in Sources */ = {isa = PBXBuildFile; fileRef = EEDA3F961D3D0C7E009E6597 /* QRReaderVC.swift */; };
		EEDA3F991D3D0C92009E6597 /* QRDisplayVC.swift in Sources */ = {isa = PBXBuildFile; fileRef = EEDA3F981D3D0C92009E6597 /* QRDisplayVC.swift */; };
		EEDA3F9B1D3D0CBF009E6597 /* QRNavController.swift in Sources */ = {isa = PBXBuildFile; fileRef = EEDA3F9A1D3D0CBF009E6597 /* QRNavController.swift */; };
		EEEF86F01D46B64D008F6464 /* ARAnnotation.swift in Sources */ = {isa = PBXBuildFile; fileRef = EEEF86EB1D46B64D008F6464 /* ARAnnotation.swift */; };
		EEEF86F11D46B64D008F6464 /* ARAnnotationView.swift in Sources */ = {isa = PBXBuildFile; fileRef = EEEF86EC1D46B64D008F6464 /* ARAnnotationView.swift */; };
		EEEF86F21D46B64D008F6464 /* ARConfiguration.swift in Sources */ = {isa = PBXBuildFile; fileRef = EEEF86ED1D46B64D008F6464 /* ARConfiguration.swift */; };
		EEEF86F31D46B64D008F6464 /* ARTrackingManager.swift in Sources */ = {isa = PBXBuildFile; fileRef = EEEF86EE1D46B64D008F6464 /* ARTrackingManager.swift */; };
		EEEF86F41D46B64D008F6464 /* ARViewController.swift in Sources */ = {isa = PBXBuildFile; fileRef = EEEF86EF1D46B64D008F6464 /* ARViewController.swift */; };
		EEEF86F71D46B668008F6464 /* DebugMapViewController.swift in Sources */ = {isa = PBXBuildFile; fileRef = EEEF86F61D46B668008F6464 /* DebugMapViewController.swift */; };
		EEEF86FD1D46B6AD008F6464 /* DebugMapViewController.xib in Resources */ = {isa = PBXBuildFile; fileRef = EEEF86F91D46B6AD008F6464 /* DebugMapViewController.xib */; };
		EEEF86FE1D46B6AD008F6464 /* hdar_close.png in Resources */ = {isa = PBXBuildFile; fileRef = EEEF86FA1D46B6AD008F6464 /* hdar_close.png */; };
		EEEF86FF1D46B6AD008F6464 /* hdar_close@2x.png in Resources */ = {isa = PBXBuildFile; fileRef = EEEF86FB1D46B6AD008F6464 /* hdar_close@2x.png */; };
		EEEF87001D46B6AD008F6464 /* hdar_close@3x.png in Resources */ = {isa = PBXBuildFile; fileRef = EEEF86FC1D46B6AD008F6464 /* hdar_close@3x.png */; };
		EEEF87021D46B97C008F6464 /* CoreLocation.framework in Frameworks */ = {isa = PBXBuildFile; fileRef = EEEF87011D46B97C008F6464 /* CoreLocation.framework */; };
		EEEF87041D46B988008F6464 /* CoreMotion.framework in Frameworks */ = {isa = PBXBuildFile; fileRef = EEEF87031D46B988008F6464 /* CoreMotion.framework */; };
		EEEF87061D46B99A008F6464 /* MapKit.framework in Frameworks */ = {isa = PBXBuildFile; fileRef = EEEF87051D46B99A008F6464 /* MapKit.framework */; };
		EEF04F5A1D463AC400B17EFD /* CargarRutaTVC.swift in Sources */ = {isa = PBXBuildFile; fileRef = EEF04F591D463AC400B17EFD /* CargarRutaTVC.swift */; };
/* End PBXBuildFile section */

/* Begin PBXContainerItemProxy section */
		EE2E25F21D4E584D001910BF /* PBXContainerItemProxy */ = {
			isa = PBXContainerItemProxy;
			containerPortal = EEDA3F521D3CE040009E6597 /* Project object */;
			proxyType = 1;
			remoteGlobalIDString = EE2E25EF1D4E584D001910BF;
			remoteInfo = "ProyectoFinalv2AW Extension";
		};
		EE2E25FC1D4E584D001910BF /* PBXContainerItemProxy */ = {
			isa = PBXContainerItemProxy;
			containerPortal = EEDA3F521D3CE040009E6597 /* Project object */;
			proxyType = 1;
			remoteGlobalIDString = EE2E25E31D4E584D001910BF;
			remoteInfo = ProyectoFinalv2AW;
		};
		EEDA3F721D3CE040009E6597 /* PBXContainerItemProxy */ = {
			isa = PBXContainerItemProxy;
			containerPortal = EEDA3F521D3CE040009E6597 /* Project object */;
			proxyType = 1;
			remoteGlobalIDString = EEDA3F591D3CE040009E6597;
			remoteInfo = ProyectoFinalv2;
		};
		EEDA3F7D1D3CE040009E6597 /* PBXContainerItemProxy */ = {
			isa = PBXContainerItemProxy;
			containerPortal = EEDA3F521D3CE040009E6597 /* Project object */;
			proxyType = 1;
			remoteGlobalIDString = EEDA3F591D3CE040009E6597;
			remoteInfo = ProyectoFinalv2;
		};
/* End PBXContainerItemProxy section */

/* Begin PBXCopyFilesBuildPhase section */
		EE2E25FE1D4E584D001910BF /* Embed Watch Content */ = {
			isa = PBXCopyFilesBuildPhase;
			buildActionMask = 2147483647;
			dstPath = "$(CONTENTS_FOLDER_PATH)/Watch";
			dstSubfolderSpec = 16;
			files = (
				EE2E25FF1D4E584D001910BF /* ProyectoFinalv2AW.app in Embed Watch Content */,
			);
			name = "Embed Watch Content";
			runOnlyForDeploymentPostprocessing = 0;
		};
		EE2E26051D4E584E001910BF /* Embed App Extensions */ = {
			isa = PBXCopyFilesBuildPhase;
			buildActionMask = 2147483647;
			dstPath = "";
			dstSubfolderSpec = 13;
			files = (
				EE2E25F11D4E584D001910BF /* ProyectoFinalv2AW Extension.appex in Embed App Extensions */,
			);
			name = "Embed App Extensions";
			runOnlyForDeploymentPostprocessing = 0;
		};
/* End PBXCopyFilesBuildPhase section */

/* Begin PBXFileReference section */
		EE05EBAF1D4E410B0013DBDF /* AgregarLibroTVC.swift */ = {isa = PBXFileReference; fileEncoding = 4; lastKnownFileType = sourcecode.swift; path = AgregarLibroTVC.swift; sourceTree = "<group>"; };
		EE05EBB11D4E412A0013DBDF /* Libro.swift */ = {isa = PBXFileReference; fileEncoding = 4; lastKnownFileType = sourcecode.swift; path = Libro.swift; sourceTree = "<group>"; };
		EE05EBB51D4E44D30013DBDF /* DetailLibroVC.swift */ = {isa = PBXFileReference; fileEncoding = 4; lastKnownFileType = sourcecode.swift; path = DetailLibroVC.swift; sourceTree = "<group>"; };
		EE2E25E41D4E584D001910BF /* ProyectoFinalv2AW.app */ = {isa = PBXFileReference; explicitFileType = wrapper.application; includeInIndex = 0; path = ProyectoFinalv2AW.app; sourceTree = BUILT_PRODUCTS_DIR; };
		EE2E25E71D4E584D001910BF /* Base */ = {isa = PBXFileReference; lastKnownFileType = file.storyboard; name = Base; path = Base.lproj/Interface.storyboard; sourceTree = "<group>"; };
		EE2E25E91D4E584D001910BF /* Assets.xcassets */ = {isa = PBXFileReference; lastKnownFileType = folder.assetcatalog; path = Assets.xcassets; sourceTree = "<group>"; };
		EE2E25EB1D4E584D001910BF /* Info.plist */ = {isa = PBXFileReference; lastKnownFileType = text.plist.xml; path = Info.plist; sourceTree = "<group>"; };
		EE2E25F01D4E584D001910BF /* ProyectoFinalv2AW Extension.appex */ = {isa = PBXFileReference; explicitFileType = "wrapper.app-extension"; includeInIndex = 0; path = "ProyectoFinalv2AW Extension.appex"; sourceTree = BUILT_PRODUCTS_DIR; };
		EE2E25F51D4E584D001910BF /* InterfaceController.swift */ = {isa = PBXFileReference; lastKnownFileType = sourcecode.swift; path = InterfaceController.swift; sourceTree = "<group>"; };
		EE2E25F71D4E584D001910BF /* ExtensionDelegate.swift */ = {isa = PBXFileReference; lastKnownFileType = sourcecode.swift; path = ExtensionDelegate.swift; sourceTree = "<group>"; };
		EE2E25F91D4E584D001910BF /* Assets.xcassets */ = {isa = PBXFileReference; lastKnownFileType = folder.assetcatalog; path = Assets.xcassets; sourceTree = "<group>"; };
		EE2E25FB1D4E584D001910BF /* Info.plist */ = {isa = PBXFileReference; lastKnownFileType = text.plist.xml; path = Info.plist; sourceTree = "<group>"; };
		EE8EF29C1D46BC7D0028A2B4 /* TestAnnotationView.swift */ = {isa = PBXFileReference; fileEncoding = 4; lastKnownFileType = sourcecode.swift; name = TestAnnotationView.swift; path = "../../../../../Downloads/HDAugmentedReality-master/HDAugmentedRealityDemo/TestAnnotationView.swift"; sourceTree = "<group>"; };
		EEDA3F5A1D3CE040009E6597 /* ProyectoFinalv2.app */ = {isa = PBXFileReference; explicitFileType = wrapper.application; includeInIndex = 0; path = ProyectoFinalv2.app; sourceTree = BUILT_PRODUCTS_DIR; };
		EEDA3F5D1D3CE040009E6597 /* AppDelegate.swift */ = {isa = PBXFileReference; lastKnownFileType = sourcecode.swift; path = AppDelegate.swift; sourceTree = "<group>"; };
		EEDA3F5F1D3CE040009E6597 /* ViewController.swift */ = {isa = PBXFileReference; lastKnownFileType = sourcecode.swift; path = ViewController.swift; sourceTree = "<group>"; };
		EEDA3F621D3CE040009E6597 /* Base */ = {isa = PBXFileReference; lastKnownFileType = file.storyboard; name = Base; path = Base.lproj/Main.storyboard; sourceTree = "<group>"; };
		EEDA3F651D3CE040009E6597 /* ProyectoFinalv2.xcdatamodel */ = {isa = PBXFileReference; lastKnownFileType = wrapper.xcdatamodel; path = ProyectoFinalv2.xcdatamodel; sourceTree = "<group>"; };
		EEDA3F671D3CE040009E6597 /* Assets.xcassets */ = {isa = PBXFileReference; lastKnownFileType = folder.assetcatalog; path = Assets.xcassets; sourceTree = "<group>"; };
		EEDA3F6A1D3CE040009E6597 /* Base */ = {isa = PBXFileReference; lastKnownFileType = file.storyboard; name = Base; path = Base.lproj/LaunchScreen.storyboard; sourceTree = "<group>"; };
		EEDA3F6C1D3CE040009E6597 /* Info.plist */ = {isa = PBXFileReference; lastKnownFileType = text.plist.xml; path = Info.plist; sourceTree = "<group>"; };
		EEDA3F711D3CE040009E6597 /* ProyectoFinalv2Tests.xctest */ = {isa = PBXFileReference; explicitFileType = wrapper.cfbundle; includeInIndex = 0; path = ProyectoFinalv2Tests.xctest; sourceTree = BUILT_PRODUCTS_DIR; };
		EEDA3F751D3CE040009E6597 /* ProyectoFinalv2Tests.swift */ = {isa = PBXFileReference; lastKnownFileType = sourcecode.swift; path = ProyectoFinalv2Tests.swift; sourceTree = "<group>"; };
		EEDA3F771D3CE040009E6597 /* Info.plist */ = {isa = PBXFileReference; lastKnownFileType = text.plist.xml; path = Info.plist; sourceTree = "<group>"; };
		EEDA3F7C1D3CE040009E6597 /* ProyectoFinalv2UITests.xctest */ = {isa = PBXFileReference; explicitFileType = wrapper.cfbundle; includeInIndex = 0; path = ProyectoFinalv2UITests.xctest; sourceTree = BUILT_PRODUCTS_DIR; };
		EEDA3F801D3CE040009E6597 /* ProyectoFinalv2UITests.swift */ = {isa = PBXFileReference; lastKnownFileType = sourcecode.swift; path = ProyectoFinalv2UITests.swift; sourceTree = "<group>"; };
		EEDA3F821D3CE040009E6597 /* Info.plist */ = {isa = PBXFileReference; lastKnownFileType = text.plist.xml; path = Info.plist; sourceTree = "<group>"; };
		EEDA3F901D3CF561009E6597 /* Ruta.swift */ = {isa = PBXFileReference; fileEncoding = 4; lastKnownFileType = sourcecode.swift; path = Ruta.swift; sourceTree = "<group>"; };
		EEDA3F921D3CF586009E6597 /* Punto.swift */ = {isa = PBXFileReference; fileEncoding = 4; lastKnownFileType = sourcecode.swift; path = Punto.swift; sourceTree = "<group>"; };
		EEDA3F941D3CF838009E6597 /* MapLocatorVC.swift */ = {isa = PBXFileReference; fileEncoding = 4; lastKnownFileType = sourcecode.swift; path = MapLocatorVC.swift; sourceTree = "<group>"; };
		EEDA3F961D3D0C7E009E6597 /* QRReaderVC.swift */ = {isa = PBXFileReference; fileEncoding = 4; lastKnownFileType = sourcecode.swift; path = QRReaderVC.swift; sourceTree = "<group>"; };
		EEDA3F981D3D0C92009E6597 /* QRDisplayVC.swift */ = {isa = PBXFileReference; fileEncoding = 4; lastKnownFileType = sourcecode.swift; path = QRDisplayVC.swift; sourceTree = "<group>"; };
		EEDA3F9A1D3D0CBF009E6597 /* QRNavController.swift */ = {isa = PBXFileReference; fileEncoding = 4; lastKnownFileType = sourcecode.swift; path = QRNavController.swift; sourceTree = "<group>"; };
		EEEF86EB1D46B64D008F6464 /* ARAnnotation.swift */ = {isa = PBXFileReference; fileEncoding = 4; lastKnownFileType = sourcecode.swift; path = ARAnnotation.swift; sourceTree = "<group>"; };
		EEEF86EC1D46B64D008F6464 /* ARAnnotationView.swift */ = {isa = PBXFileReference; fileEncoding = 4; lastKnownFileType = sourcecode.swift; path = ARAnnotationView.swift; sourceTree = "<group>"; };
		EEEF86ED1D46B64D008F6464 /* ARConfiguration.swift */ = {isa = PBXFileReference; fileEncoding = 4; lastKnownFileType = sourcecode.swift; path = ARConfiguration.swift; sourceTree = "<group>"; };
		EEEF86EE1D46B64D008F6464 /* ARTrackingManager.swift */ = {isa = PBXFileReference; fileEncoding = 4; lastKnownFileType = sourcecode.swift; path = ARTrackingManager.swift; sourceTree = "<group>"; };
		EEEF86EF1D46B64D008F6464 /* ARViewController.swift */ = {isa = PBXFileReference; fileEncoding = 4; lastKnownFileType = sourcecode.swift; path = ARViewController.swift; sourceTree = "<group>"; };
		EEEF86F61D46B668008F6464 /* DebugMapViewController.swift */ = {isa = PBXFileReference; fileEncoding = 4; lastKnownFileType = sourcecode.swift; path = DebugMapViewController.swift; sourceTree = "<group>"; };
		EEEF86F91D46B6AD008F6464 /* DebugMapViewController.xib */ = {isa = PBXFileReference; fileEncoding = 4; lastKnownFileType = file.xib; path = DebugMapViewController.xib; sourceTree = "<group>"; };
		EEEF86FA1D46B6AD008F6464 /* hdar_close.png */ = {isa = PBXFileReference; lastKnownFileType = image.png; path = hdar_close.png; sourceTree = "<group>"; };
		EEEF86FB1D46B6AD008F6464 /* hdar_close@2x.png */ = {isa = PBXFileReference; lastKnownFileType = image.png; path = "hdar_close@2x.png"; sourceTree = "<group>"; };
		EEEF86FC1D46B6AD008F6464 /* hdar_close@3x.png */ = {isa = PBXFileReference; lastKnownFileType = image.png; path = "hdar_close@3x.png"; sourceTree = "<group>"; };
		EEEF87011D46B97C008F6464 /* CoreLocation.framework */ = {isa = PBXFileReference; lastKnownFileType = wrapper.framework; name = CoreLocation.framework; path = System/Library/Frameworks/CoreLocation.framework; sourceTree = SDKROOT; };
		EEEF87031D46B988008F6464 /* CoreMotion.framework */ = {isa = PBXFileReference; lastKnownFileType = wrapper.framework; name = CoreMotion.framework; path = System/Library/Frameworks/CoreMotion.framework; sourceTree = SDKROOT; };
		EEEF87051D46B99A008F6464 /* MapKit.framework */ = {isa = PBXFileReference; lastKnownFileType = wrapper.framework; name = MapKit.framework; path = System/Library/Frameworks/MapKit.framework; sourceTree = SDKROOT; };
		EEF04F591D463AC400B17EFD /* CargarRutaTVC.swift */ = {isa = PBXFileReference; fileEncoding = 4; lastKnownFileType = sourcecode.swift; path = CargarRutaTVC.swift; sourceTree = "<group>"; };
/* End PBXFileReference section */

/* Begin PBXFrameworksBuildPhase section */
		EE2E25ED1D4E584D001910BF /* Frameworks */ = {
			isa = PBXFrameworksBuildPhase;
			buildActionMask = 2147483647;
			files = (
			);
			runOnlyForDeploymentPostprocessing = 0;
		};
		EEDA3F571D3CE040009E6597 /* Frameworks */ = {
			isa = PBXFrameworksBuildPhase;
			buildActionMask = 2147483647;
			files = (
				EEEF87061D46B99A008F6464 /* MapKit.framework in Frameworks */,
				EEEF87041D46B988008F6464 /* CoreMotion.framework in Frameworks */,
				EEEF87021D46B97C008F6464 /* CoreLocation.framework in Frameworks */,
			);
			runOnlyForDeploymentPostprocessing = 0;
		};
		EEDA3F6E1D3CE040009E6597 /* Frameworks */ = {
			isa = PBXFrameworksBuildPhase;
			buildActionMask = 2147483647;
			files = (
			);
			runOnlyForDeploymentPostprocessing = 0;
		};
		EEDA3F791D3CE040009E6597 /* Frameworks */ = {
			isa = PBXFrameworksBuildPhase;
			buildActionMask = 2147483647;
			files = (
			);
			runOnlyForDeploymentPostprocessing = 0;
		};
/* End PBXFrameworksBuildPhase section */

/* Begin PBXGroup section */
		EE2E25E51D4E584D001910BF /* ProyectoFinalv2AW */ = {
			isa = PBXGroup;
			children = (
				EE2E25E61D4E584D001910BF /* Interface.storyboard */,
				EE2E25E91D4E584D001910BF /* Assets.xcassets */,
				EE2E25EB1D4E584D001910BF /* Info.plist */,
			);
			path = ProyectoFinalv2AW;
			sourceTree = "<group>";
		};
		EE2E25F41D4E584D001910BF /* ProyectoFinalv2AW Extension */ = {
			isa = PBXGroup;
			children = (
				EE2E25F51D4E584D001910BF /* InterfaceController.swift */,
				EE2E25F71D4E584D001910BF /* ExtensionDelegate.swift */,
				EE2E25F91D4E584D001910BF /* Assets.xcassets */,
				EE2E25FB1D4E584D001910BF /* Info.plist */,
			);
			path = "ProyectoFinalv2AW Extension";
			sourceTree = "<group>";
		};
		EEDA3F511D3CE040009E6597 = {
			isa = PBXGroup;
			children = (
				EEEF87051D46B99A008F6464 /* MapKit.framework */,
				EEEF87031D46B988008F6464 /* CoreMotion.framework */,
				EEEF87011D46B97C008F6464 /* CoreLocation.framework */,
				EEDA3F5C1D3CE040009E6597 /* ProyectoFinalv2 */,
				EEDA3F741D3CE040009E6597 /* ProyectoFinalv2Tests */,
				EEDA3F7F1D3CE040009E6597 /* ProyectoFinalv2UITests */,
				EE2E25E51D4E584D001910BF /* ProyectoFinalv2AW */,
				EE2E25F41D4E584D001910BF /* ProyectoFinalv2AW Extension */,
				EEDA3F5B1D3CE040009E6597 /* Products */,
			);
			sourceTree = "<group>";
		};
		EEDA3F5B1D3CE040009E6597 /* Products */ = {
			isa = PBXGroup;
			children = (
				EEDA3F5A1D3CE040009E6597 /* ProyectoFinalv2.app */,
				EEDA3F711D3CE040009E6597 /* ProyectoFinalv2Tests.xctest */,
				EEDA3F7C1D3CE040009E6597 /* ProyectoFinalv2UITests.xctest */,
				EE2E25E41D4E584D001910BF /* ProyectoFinalv2AW.app */,
				EE2E25F01D4E584D001910BF /* ProyectoFinalv2AW Extension.appex */,
			);
			name = Products;
			sourceTree = "<group>";
		};
		EEDA3F5C1D3CE040009E6597 /* ProyectoFinalv2 */ = {
			isa = PBXGroup;
			children = (
				EEEF86F81D46B6A0008F6464 /* Resources */,
				EEEF86EA1D46B613008F6464 /* Classes */,
				EEDA3F5D1D3CE040009E6597 /* AppDelegate.swift */,
				EEDA3F5F1D3CE040009E6597 /* ViewController.swift */,
				EEDA3F611D3CE040009E6597 /* Main.storyboard */,
				EEDA3F671D3CE040009E6597 /* Assets.xcassets */,
				EEDA3F691D3CE040009E6597 /* LaunchScreen.storyboard */,
				EEDA3F6C1D3CE040009E6597 /* Info.plist */,
				EEDA3F641D3CE040009E6597 /* ProyectoFinalv2.xcdatamodeld */,
				EE8EF29C1D46BC7D0028A2B4 /* TestAnnotationView.swift */,
				EEDA3F901D3CF561009E6597 /* Ruta.swift */,
				EEDA3F921D3CF586009E6597 /* Punto.swift */,
				EEDA3F941D3CF838009E6597 /* MapLocatorVC.swift */,
				EEDA3F961D3D0C7E009E6597 /* QRReaderVC.swift */,
				EEDA3F981D3D0C92009E6597 /* QRDisplayVC.swift */,
				EEDA3F9A1D3D0CBF009E6597 /* QRNavController.swift */,
				EEF04F591D463AC400B17EFD /* CargarRutaTVC.swift */,
				EE05EBAF1D4E410B0013DBDF /* AgregarLibroTVC.swift */,
				EE05EBB11D4E412A0013DBDF /* Libro.swift */,
				EE05EBB51D4E44D30013DBDF /* DetailLibroVC.swift */,
			);
			path = ProyectoFinalv2;
			sourceTree = "<group>";
		};
		EEDA3F741D3CE040009E6597 /* ProyectoFinalv2Tests */ = {
			isa = PBXGroup;
			children = (
				EEDA3F751D3CE040009E6597 /* ProyectoFinalv2Tests.swift */,
				EEDA3F771D3CE040009E6597 /* Info.plist */,
			);
			path = ProyectoFinalv2Tests;
			sourceTree = "<group>";
		};
		EEDA3F7F1D3CE040009E6597 /* ProyectoFinalv2UITests */ = {
			isa = PBXGroup;
			children = (
				EEDA3F801D3CE040009E6597 /* ProyectoFinalv2UITests.swift */,
				EEDA3F821D3CE040009E6597 /* Info.plist */,
			);
			path = ProyectoFinalv2UITests;
			sourceTree = "<group>";
		};
		EEEF86EA1D46B613008F6464 /* Classes */ = {
			isa = PBXGroup;
			children = (
				EEEF86F51D46B65D008F6464 /* Debug */,
				EEEF86EB1D46B64D008F6464 /* ARAnnotation.swift */,
				EEEF86EC1D46B64D008F6464 /* ARAnnotationView.swift */,
				EEEF86ED1D46B64D008F6464 /* ARConfiguration.swift */,
				EEEF86EE1D46B64D008F6464 /* ARTrackingManager.swift */,
				EEEF86EF1D46B64D008F6464 /* ARViewController.swift */,
			);
			name = Classes;
			sourceTree = "<group>";
		};
		EEEF86F51D46B65D008F6464 /* Debug */ = {
			isa = PBXGroup;
			children = (
				EEEF86F61D46B668008F6464 /* DebugMapViewController.swift */,
			);
			name = Debug;
			sourceTree = "<group>";
		};
		EEEF86F81D46B6A0008F6464 /* Resources */ = {
			isa = PBXGroup;
			children = (
				EEEF86F91D46B6AD008F6464 /* DebugMapViewController.xib */,
				EEEF86FA1D46B6AD008F6464 /* hdar_close.png */,
				EEEF86FB1D46B6AD008F6464 /* hdar_close@2x.png */,
				EEEF86FC1D46B6AD008F6464 /* hdar_close@3x.png */,
			);
			name = Resources;
			sourceTree = "<group>";
		};
/* End PBXGroup section */

/* Begin PBXNativeTarget section */
		EE2E25E31D4E584D001910BF /* ProyectoFinalv2AW */ = {
			isa = PBXNativeTarget;
			buildConfigurationList = EE2E26061D4E584E001910BF /* Build configuration list for PBXNativeTarget "ProyectoFinalv2AW" */;
			buildPhases = (
				EE2E25E21D4E584D001910BF /* Resources */,
				EE2E26051D4E584E001910BF /* Embed App Extensions */,
			);
			buildRules = (
			);
			dependencies = (
				EE2E25F31D4E584D001910BF /* PBXTargetDependency */,
			);
			name = ProyectoFinalv2AW;
			productName = ProyectoFinalv2AW;
			productReference = EE2E25E41D4E584D001910BF /* ProyectoFinalv2AW.app */;
			productType = "com.apple.product-type.application.watchapp2";
		};
		EE2E25EF1D4E584D001910BF /* ProyectoFinalv2AW Extension */ = {
			isa = PBXNativeTarget;
			buildConfigurationList = EE2E26041D4E584E001910BF /* Build configuration list for PBXNativeTarget "ProyectoFinalv2AW Extension" */;
			buildPhases = (
				EE2E25EC1D4E584D001910BF /* Sources */,
				EE2E25ED1D4E584D001910BF /* Frameworks */,
				EE2E25EE1D4E584D001910BF /* Resources */,
			);
			buildRules = (
			);
			dependencies = (
			);
			name = "ProyectoFinalv2AW Extension";
			productName = "ProyectoFinalv2AW Extension";
			productReference = EE2E25F01D4E584D001910BF /* ProyectoFinalv2AW Extension.appex */;
			productType = "com.apple.product-type.watchkit2-extension";
		};
		EEDA3F591D3CE040009E6597 /* ProyectoFinalv2 */ = {
			isa = PBXNativeTarget;
			buildConfigurationList = EEDA3F851D3CE040009E6597 /* Build configuration list for PBXNativeTarget "ProyectoFinalv2" */;
			buildPhases = (
				EEDA3F561D3CE040009E6597 /* Sources */,
				EEDA3F571D3CE040009E6597 /* Frameworks */,
				EEDA3F581D3CE040009E6597 /* Resources */,
				EE2E25FE1D4E584D001910BF /* Embed Watch Content */,
			);
			buildRules = (
			);
			dependencies = (
				EE2E25FD1D4E584D001910BF /* PBXTargetDependency */,
			);
			name = ProyectoFinalv2;
			productName = ProyectoFinalv2;
			productReference = EEDA3F5A1D3CE040009E6597 /* ProyectoFinalv2.app */;
			productType = "com.apple.product-type.application";
		};
		EEDA3F701D3CE040009E6597 /* ProyectoFinalv2Tests */ = {
			isa = PBXNativeTarget;
			buildConfigurationList = EEDA3F881D3CE040009E6597 /* Build configuration list for PBXNativeTarget "ProyectoFinalv2Tests" */;
			buildPhases = (
				EEDA3F6D1D3CE040009E6597 /* Sources */,
				EEDA3F6E1D3CE040009E6597 /* Frameworks */,
				EEDA3F6F1D3CE040009E6597 /* Resources */,
			);
			buildRules = (
			);
			dependencies = (
				EEDA3F731D3CE040009E6597 /* PBXTargetDependency */,
			);
			name = ProyectoFinalv2Tests;
			productName = ProyectoFinalv2Tests;
			productReference = EEDA3F711D3CE040009E6597 /* ProyectoFinalv2Tests.xctest */;
			productType = "com.apple.product-type.bundle.unit-test";
		};
		EEDA3F7B1D3CE040009E6597 /* ProyectoFinalv2UITests */ = {
			isa = PBXNativeTarget;
			buildConfigurationList = EEDA3F8B1D3CE040009E6597 /* Build configuration list for PBXNativeTarget "ProyectoFinalv2UITests" */;
			buildPhases = (
				EEDA3F781D3CE040009E6597 /* Sources */,
				EEDA3F791D3CE040009E6597 /* Frameworks */,
				EEDA3F7A1D3CE040009E6597 /* Resources */,
			);
			buildRules = (
			);
			dependencies = (
				EEDA3F7E1D3CE040009E6597 /* PBXTargetDependency */,
			);
			name = ProyectoFinalv2UITests;
			productName = ProyectoFinalv2UITests;
			productReference = EEDA3F7C1D3CE040009E6597 /* ProyectoFinalv2UITests.xctest */;
			productType = "com.apple.product-type.bundle.ui-testing";
		};
/* End PBXNativeTarget section */

/* Begin PBXProject section */
		EEDA3F521D3CE040009E6597 /* Project object */ = {
			isa = PBXProject;
			attributes = {
				LastSwiftUpdateCheck = 0730;
				LastUpgradeCheck = 0730;
				ORGANIZATIONNAME = "Fernando Renteria Correa";
				TargetAttributes = {
					EE2E25E31D4E584D001910BF = {
						CreatedOnToolsVersion = 7.3;
						DevelopmentTeam = YHR45B9REA;
					};
					EE2E25EF1D4E584D001910BF = {
						CreatedOnToolsVersion = 7.3;
						DevelopmentTeam = YHR45B9REA;
					};
					EEDA3F591D3CE040009E6597 = {
						CreatedOnToolsVersion = 7.3;
						DevelopmentTeam = YHR45B9REA;
					};
					EEDA3F701D3CE040009E6597 = {
						CreatedOnToolsVersion = 7.3;
						TestTargetID = EEDA3F591D3CE040009E6597;
					};
					EEDA3F7B1D3CE040009E6597 = {
						CreatedOnToolsVersion = 7.3;
						TestTargetID = EEDA3F591D3CE040009E6597;
					};
				};
			};
			buildConfigurationList = EEDA3F551D3CE040009E6597 /* Build configuration list for PBXProject "ProyectoFinalv2" */;
			compatibilityVersion = "Xcode 3.2";
			developmentRegion = English;
			hasScannedForEncodings = 0;
			knownRegions = (
				en,
				Base,
			);
			mainGroup = EEDA3F511D3CE040009E6597;
			productRefGroup = EEDA3F5B1D3CE040009E6597 /* Products */;
			projectDirPath = "";
			projectRoot = "";
			targets = (
				EEDA3F591D3CE040009E6597 /* ProyectoFinalv2 */,
				EEDA3F701D3CE040009E6597 /* ProyectoFinalv2Tests */,
				EEDA3F7B1D3CE040009E6597 /* ProyectoFinalv2UITests */,
				EE2E25E31D4E584D001910BF /* ProyectoFinalv2AW */,
				EE2E25EF1D4E584D001910BF /* ProyectoFinalv2AW Extension */,
			);
		};
/* End PBXProject section */

/* Begin PBXResourcesBuildPhase section */
		EE2E25E21D4E584D001910BF /* Resources */ = {
			isa = PBXResourcesBuildPhase;
			buildActionMask = 2147483647;
			files = (
				EE2E25EA1D4E584D001910BF /* Assets.xcassets in Resources */,
				EE2E25E81D4E584D001910BF /* Interface.storyboard in Resources */,
			);
			runOnlyForDeploymentPostprocessing = 0;
		};
		EE2E25EE1D4E584D001910BF /* Resources */ = {
			isa = PBXResourcesBuildPhase;
			buildActionMask = 2147483647;
			files = (
				EE2E25FA1D4E584D001910BF /* Assets.xcassets in Resources */,
			);
			runOnlyForDeploymentPostprocessing = 0;
		};
		EEDA3F581D3CE040009E6597 /* Resources */ = {
			isa = PBXResourcesBuildPhase;
			buildActionMask = 2147483647;
			files = (
				EEDA3F6B1D3CE040009E6597 /* LaunchScreen.storyboard in Resources */,
				EEEF86FE1D46B6AD008F6464 /* hdar_close.png in Resources */,
				EEEF87001D46B6AD008F6464 /* hdar_close@3x.png in Resources */,
				EEDA3F681D3CE040009E6597 /* Assets.xcassets in Resources */,
				EEDA3F631D3CE040009E6597 /* Main.storyboard in Resources */,
				EEEF86FF1D46B6AD008F6464 /* hdar_close@2x.png in Resources */,
				EEEF86FD1D46B6AD008F6464 /* DebugMapViewController.xib in Resources */,
			);
			runOnlyForDeploymentPostprocessing = 0;
		};
		EEDA3F6F1D3CE040009E6597 /* Resources */ = {
			isa = PBXResourcesBuildPhase;
			buildActionMask = 2147483647;
			files = (
			);
			runOnlyForDeploymentPostprocessing = 0;
		};
		EEDA3F7A1D3CE040009E6597 /* Resources */ = {
			isa = PBXResourcesBuildPhase;
			buildActionMask = 2147483647;
			files = (
			);
			runOnlyForDeploymentPostprocessing = 0;
		};
/* End PBXResourcesBuildPhase section */

/* Begin PBXSourcesBuildPhase section */
		EE2E25EC1D4E584D001910BF /* Sources */ = {
			isa = PBXSourcesBuildPhase;
			buildActionMask = 2147483647;
			files = (
				EE2E25F81D4E584D001910BF /* ExtensionDelegate.swift in Sources */,
				EE2E25F61D4E584D001910BF /* InterfaceController.swift in Sources */,
			);
			runOnlyForDeploymentPostprocessing = 0;
		};
		EEDA3F561D3CE040009E6597 /* Sources */ = {
			isa = PBXSourcesBuildPhase;
			buildActionMask = 2147483647;
			files = (
				EEEF86F71D46B668008F6464 /* DebugMapViewController.swift in Sources */,
				EE8EF29D1D46BC7D0028A2B4 /* TestAnnotationView.swift in Sources */,
				EE05EBB61D4E44D30013DBDF /* DetailLibroVC.swift in Sources */,
				EEDA3F931D3CF586009E6597 /* Punto.swift in Sources */,
				EEDA3F911D3CF561009E6597 /* Ruta.swift in Sources */,
				EEDA3F971D3D0C7E009E6597 /* QRReaderVC.swift in Sources */,
				EEEF86F41D46B64D008F6464 /* ARViewController.swift in Sources */,
				EEDA3F601D3CE040009E6597 /* ViewController.swift in Sources */,
				EEDA3F9B1D3D0CBF009E6597 /* QRNavController.swift in Sources */,
				EEEF86F21D46B64D008F6464 /* ARConfiguration.swift in Sources */,
				EEEF86F31D46B64D008F6464 /* ARTrackingManager.swift in Sources */,
				EE05EBB21D4E412A0013DBDF /* Libro.swift in Sources */,
				EEDA3F661D3CE040009E6597 /* ProyectoFinalv2.xcdatamodeld in Sources */,
				EEDA3F951D3CF838009E6597 /* MapLocatorVC.swift in Sources */,
				EEEF86F01D46B64D008F6464 /* ARAnnotation.swift in Sources */,
				EEDA3F991D3D0C92009E6597 /* QRDisplayVC.swift in Sources */,
				EEEF86F11D46B64D008F6464 /* ARAnnotationView.swift in Sources */,
				EEDA3F5E1D3CE040009E6597 /* AppDelegate.swift in Sources */,
				EE05EBB01D4E410B0013DBDF /* AgregarLibroTVC.swift in Sources */,
				EEF04F5A1D463AC400B17EFD /* CargarRutaTVC.swift in Sources */,
			);
			runOnlyForDeploymentPostprocessing = 0;
		};
		EEDA3F6D1D3CE040009E6597 /* Sources */ = {
			isa = PBXSourcesBuildPhase;
			buildActionMask = 2147483647;
			files = (
				EEDA3F761D3CE040009E6597 /* ProyectoFinalv2Tests.swift in Sources */,
			);
			runOnlyForDeploymentPostprocessing = 0;
		};
		EEDA3F781D3CE040009E6597 /* Sources */ = {
			isa = PBXSourcesBuildPhase;
			buildActionMask = 2147483647;
			files = (
				EEDA3F811D3CE040009E6597 /* ProyectoFinalv2UITests.swift in Sources */,
			);
			runOnlyForDeploymentPostprocessing = 0;
		};
/* End PBXSourcesBuildPhase section */

/* Begin PBXTargetDependency section */
		EE2E25F31D4E584D001910BF /* PBXTargetDependency */ = {
			isa = PBXTargetDependency;
			target = EE2E25EF1D4E584D001910BF /* ProyectoFinalv2AW Extension */;
			targetProxy = EE2E25F21D4E584D001910BF /* PBXContainerItemProxy */;
		};
		EE2E25FD1D4E584D001910BF /* PBXTargetDependency */ = {
			isa = PBXTargetDependency;
			target = EE2E25E31D4E584D001910BF /* ProyectoFinalv2AW */;
			targetProxy = EE2E25FC1D4E584D001910BF /* PBXContainerItemProxy */;
		};
		EEDA3F731D3CE040009E6597 /* PBXTargetDependency */ = {
			isa = PBXTargetDependency;
			target = EEDA3F591D3CE040009E6597 /* ProyectoFinalv2 */;
			targetProxy = EEDA3F721D3CE040009E6597 /* PBXContainerItemProxy */;
		};
		EEDA3F7E1D3CE040009E6597 /* PBXTargetDependency */ = {
			isa = PBXTargetDependency;
			target = EEDA3F591D3CE040009E6597 /* ProyectoFinalv2 */;
			targetProxy = EEDA3F7D1D3CE040009E6597 /* PBXContainerItemProxy */;
		};
/* End PBXTargetDependency section */

/* Begin PBXVariantGroup section */
		EE2E25E61D4E584D001910BF /* Interface.storyboard */ = {
			isa = PBXVariantGroup;
			children = (
				EE2E25E71D4E584D001910BF /* Base */,
			);
			name = Interface.storyboard;
			sourceTree = "<group>";
		};
		EEDA3F611D3CE040009E6597 /* Main.storyboard */ = {
			isa = PBXVariantGroup;
			children = (
				EEDA3F621D3CE040009E6597 /* Base */,
			);
			name = Main.storyboard;
			sourceTree = "<group>";
		};
		EEDA3F691D3CE040009E6597 /* LaunchScreen.storyboard */ = {
			isa = PBXVariantGroup;
			children = (
				EEDA3F6A1D3CE040009E6597 /* Base */,
			);
			name = LaunchScreen.storyboard;
			sourceTree = "<group>";
		};
/* End PBXVariantGroup section */

/* Begin XCBuildConfiguration section */
		EE2E26001D4E584E001910BF /* Debug */ = {
			isa = XCBuildConfiguration;
			buildSettings = {
				ASSETCATALOG_COMPILER_APPICON_NAME = AppIcon;
				CODE_SIGN_IDENTITY = "iPhone Developer";
				"CODE_SIGN_IDENTITY[sdk=iphoneos*]" = "iPhone Developer";
				EMBEDDED_CONTENT_CONTAINS_SWIFT = YES;
				IBSC_MODULE = ProyectoFinalv2AW_Extension;
				INFOPLIST_FILE = ProyectoFinalv2AW/Info.plist;
				PRODUCT_BUNDLE_IDENTIFIER = com.au.klunx.ProyectoFinalv2.watchkitapp;
				PRODUCT_NAME = "$(TARGET_NAME)";
				SDKROOT = watchos;
				SKIP_INSTALL = YES;
				TARGETED_DEVICE_FAMILY = 4;
				WATCHOS_DEPLOYMENT_TARGET = 2.2;
			};
			name = Debug;
		};
		EE2E26011D4E584E001910BF /* Release */ = {
			isa = XCBuildConfiguration;
			buildSettings = {
				ASSETCATALOG_COMPILER_APPICON_NAME = AppIcon;
				CODE_SIGN_IDENTITY = "iPhone Developer";
				"CODE_SIGN_IDENTITY[sdk=iphoneos*]" = "iPhone Developer";
				EMBEDDED_CONTENT_CONTAINS_SWIFT = YES;
				IBSC_MODULE = ProyectoFinalv2AW_Extension;
				INFOPLIST_FILE = ProyectoFinalv2AW/Info.plist;
				PRODUCT_BUNDLE_IDENTIFIER = com.au.klunx.ProyectoFinalv2.watchkitapp;
				PRODUCT_NAME = "$(TARGET_NAME)";
				SDKROOT = watchos;
				SKIP_INSTALL = YES;
				TARGETED_DEVICE_FAMILY = 4;
				WATCHOS_DEPLOYMENT_TARGET = 2.2;
			};
			name = Release;
		};
		EE2E26021D4E584E001910BF /* Debug */ = {
			isa = XCBuildConfiguration;
			buildSettings = {
				CODE_SIGN_IDENTITY = "iPhone Developer";
				INFOPLIST_FILE = "ProyectoFinalv2AW Extension/Info.plist";
				LD_RUNPATH_SEARCH_PATHS = "$(inherited) @executable_path/Frameworks @executable_path/../../Frameworks";
				PRODUCT_BUNDLE_IDENTIFIER = com.au.klunx.ProyectoFinalv2.watchkitapp.watchkitextension;
				PRODUCT_NAME = "${TARGET_NAME}";
				SDKROOT = watchos;
				SKIP_INSTALL = YES;
				TARGETED_DEVICE_FAMILY = 4;
				WATCHOS_DEPLOYMENT_TARGET = 2.2;
			};
			name = Debug;
		};
		EE2E26031D4E584E001910BF /* Release */ = {
			isa = XCBuildConfiguration;
			buildSettings = {
				CODE_SIGN_IDENTITY = "iPhone Developer";
				INFOPLIST_FILE = "ProyectoFinalv2AW Extension/Info.plist";
				LD_RUNPATH_SEARCH_PATHS = "$(inherited) @executable_path/Frameworks @executable_path/../../Frameworks";
				PRODUCT_BUNDLE_IDENTIFIER = com.au.klunx.ProyectoFinalv2.watchkitapp.watchkitextension;
				PRODUCT_NAME = "${TARGET_NAME}";
				SDKROOT = watchos;
				SKIP_INSTALL = YES;
				TARGETED_DEVICE_FAMILY = 4;
				WATCHOS_DEPLOYMENT_TARGET = 2.2;
			};
			name = Release;
		};
		EEDA3F831D3CE040009E6597 /* Debug */ = {
			isa = XCBuildConfiguration;
			buildSettings = {
				ALWAYS_SEARCH_USER_PATHS = NO;
				CLANG_ANALYZER_NONNULL = YES;
				CLANG_CXX_LANGUAGE_STANDARD = "gnu++0x";
				CLANG_CXX_LIBRARY = "libc++";
				CLANG_ENABLE_MODULES = YES;
				CLANG_ENABLE_OBJC_ARC = YES;
				CLANG_WARN_BOOL_CONVERSION = YES;
				CLANG_WARN_CONSTANT_CONVERSION = YES;
				CLANG_WARN_DIRECT_OBJC_ISA_USAGE = YES_ERROR;
				CLANG_WARN_EMPTY_BODY = YES;
				CLANG_WARN_ENUM_CONVERSION = YES;
				CLANG_WARN_INT_CONVERSION = YES;
				CLANG_WARN_OBJC_ROOT_CLASS = YES_ERROR;
				CLANG_WARN_UNREACHABLE_CODE = YES;
				CLANG_WARN__DUPLICATE_METHOD_MATCH = YES;
				"CODE_SIGN_IDENTITY[sdk=iphoneos*]" = "iPhone Developer";
				COPY_PHASE_STRIP = NO;
				DEBUG_INFORMATION_FORMAT = dwarf;
				ENABLE_STRICT_OBJC_MSGSEND = YES;
				ENABLE_TESTABILITY = YES;
				GCC_C_LANGUAGE_STANDARD = gnu99;
				GCC_DYNAMIC_NO_PIC = NO;
				GCC_NO_COMMON_BLOCKS = YES;
				GCC_OPTIMIZATION_LEVEL = 0;
				GCC_PREPROCESSOR_DEFINITIONS = (
					"DEBUG=1",
					"$(inherited)",
				);
				GCC_WARN_64_TO_32_BIT_CONVERSION = YES;
				GCC_WARN_ABOUT_RETURN_TYPE = YES_ERROR;
				GCC_WARN_UNDECLARED_SELECTOR = YES;
				GCC_WARN_UNINITIALIZED_AUTOS = YES_AGGRESSIVE;
				GCC_WARN_UNUSED_FUNCTION = YES;
				GCC_WARN_UNUSED_VARIABLE = YES;
				IPHONEOS_DEPLOYMENT_TARGET = 9.3;
				MTL_ENABLE_DEBUG_INFO = YES;
				ONLY_ACTIVE_ARCH = YES;
				SDKROOT = iphoneos;
				SWIFT_OPTIMIZATION_LEVEL = "-Onone";
				TARGETED_DEVICE_FAMILY = "1,2";
			};
			name = Debug;
		};
		EEDA3F841D3CE040009E6597 /* Release */ = {
			isa = XCBuildConfiguration;
			buildSettings = {
				ALWAYS_SEARCH_USER_PATHS = NO;
				CLANG_ANALYZER_NONNULL = YES;
				CLANG_CXX_LANGUAGE_STANDARD = "gnu++0x";
				CLANG_CXX_LIBRARY = "libc++";
				CLANG_ENABLE_MODULES = YES;
				CLANG_ENABLE_OBJC_ARC = YES;
				CLANG_WARN_BOOL_CONVERSION = YES;
				CLANG_WARN_CONSTANT_CONVERSION = YES;
				CLANG_WARN_DIRECT_OBJC_ISA_USAGE = YES_ERROR;
				CLANG_WARN_EMPTY_BODY = YES;
				CLANG_WARN_ENUM_CONVERSION = YES;
				CLANG_WARN_INT_CONVERSION = YES;
				CLANG_WARN_OBJC_ROOT_CLASS = YES_ERROR;
				CLANG_WARN_UNREACHABLE_CODE = YES;
				CLANG_WARN__DUPLICATE_METHOD_MATCH = YES;
				"CODE_SIGN_IDENTITY[sdk=iphoneos*]" = "iPhone Developer";
				COPY_PHASE_STRIP = NO;
				DEBUG_INFORMATION_FORMAT = "dwarf-with-dsym";
				ENABLE_NS_ASSERTIONS = NO;
				ENABLE_STRICT_OBJC_MSGSEND = YES;
				GCC_C_LANGUAGE_STANDARD = gnu99;
				GCC_NO_COMMON_BLOCKS = YES;
				GCC_WARN_64_TO_32_BIT_CONVERSION = YES;
				GCC_WARN_ABOUT_RETURN_TYPE = YES_ERROR;
				GCC_WARN_UNDECLARED_SELECTOR = YES;
				GCC_WARN_UNINITIALIZED_AUTOS = YES_AGGRESSIVE;
				GCC_WARN_UNUSED_FUNCTION = YES;
				GCC_WARN_UNUSED_VARIABLE = YES;
				IPHONEOS_DEPLOYMENT_TARGET = 9.3;
				MTL_ENABLE_DEBUG_INFO = NO;
				SDKROOT = iphoneos;
				TARGETED_DEVICE_FAMILY = "1,2";
				VALIDATE_PRODUCT = YES;
			};
			name = Release;
		};
		EEDA3F861D3CE040009E6597 /* Debug */ = {
			isa = XCBuildConfiguration;
			buildSettings = {
				ASSETCATALOG_COMPILER_APPICON_NAME = AppIcon;
				CODE_SIGN_IDENTITY = "iPhone Developer";
				"CODE_SIGN_IDENTITY[sdk=iphoneos*]" = "iPhone Developer";
				INFOPLIST_FILE = ProyectoFinalv2/Info.plist;
				LD_RUNPATH_SEARCH_PATHS = "$(inherited) @executable_path/Frameworks";
				PRODUCT_BUNDLE_IDENTIFIER = com.au.klunx.ProyectoFinalv2;
				PRODUCT_NAME = "$(TARGET_NAME)";
				PROVISIONING_PROFILE = "";
			};
			name = Debug;
		};
		EEDA3F871D3CE040009E6597 /* Release */ = {
			isa = XCBuildConfiguration;
			buildSettings = {
				ASSETCATALOG_COMPILER_APPICON_NAME = AppIcon;
				CODE_SIGN_IDENTITY = "iPhone Developer";
				"CODE_SIGN_IDENTITY[sdk=iphoneos*]" = "iPhone Developer";
				INFOPLIST_FILE = ProyectoFinalv2/Info.plist;
				LD_RUNPATH_SEARCH_PATHS = "$(inherited) @executable_path/Frameworks";
				PRODUCT_BUNDLE_IDENTIFIER = com.au.klunx.ProyectoFinalv2;
				PRODUCT_NAME = "$(TARGET_NAME)";
				PROVISIONING_PROFILE = "";
			};
			name = Release;
		};
		EEDA3F891D3CE040009E6597 /* Debug */ = {
			isa = XCBuildConfiguration;
			buildSettings = {
				BUNDLE_LOADER = "$(TEST_HOST)";
				INFOPLIST_FILE = ProyectoFinalv2Tests/Info.plist;
				LD_RUNPATH_SEARCH_PATHS = "$(inherited) @executable_path/Frameworks @loader_path/Frameworks";
				PRODUCT_BUNDLE_IDENTIFIER = com.au.klunx.ProyectoFinalv2Tests;
				PRODUCT_NAME = "$(TARGET_NAME)";
				TEST_HOST = "$(BUILT_PRODUCTS_DIR)/ProyectoFinalv2.app/ProyectoFinalv2";
			};
			name = Debug;
		};
		EEDA3F8A1D3CE040009E6597 /* Release */ = {
			isa = XCBuildConfiguration;
			buildSettings = {
				BUNDLE_LOADER = "$(TEST_HOST)";
				INFOPLIST_FILE = ProyectoFinalv2Tests/Info.plist;
				LD_RUNPATH_SEARCH_PATHS = "$(inherited) @executable_path/Frameworks @loader_path/Frameworks";
				PRODUCT_BUNDLE_IDENTIFIER = com.au.klunx.ProyectoFinalv2Tests;
				PRODUCT_NAME = "$(TARGET_NAME)";
				TEST_HOST = "$(BUILT_PRODUCTS_DIR)/ProyectoFinalv2.app/ProyectoFinalv2";
			};
			name = Release;
		};
		EEDA3F8C1D3CE040009E6597 /* Debug */ = {
			isa = XCBuildConfiguration;
			buildSettings = {
				INFOPLIST_FILE = ProyectoFinalv2UITests/Info.plist;
				LD_RUNPATH_SEARCH_PATHS = "$(inherited) @executable_path/Frameworks @loader_path/Frameworks";
				PRODUCT_BUNDLE_IDENTIFIER = com.au.klunx.ProyectoFinalv2UITests;
				PRODUCT_NAME = "$(TARGET_NAME)";
				TEST_TARGET_NAME = ProyectoFinalv2;
			};
			name = Debug;
		};
		EEDA3F8D1D3CE040009E6597 /* Release */ = {
			isa = XCBuildConfiguration;
			buildSettings = {
				INFOPLIST_FILE = ProyectoFinalv2UITests/Info.plist;
				LD_RUNPATH_SEARCH_PATHS = "$(inherited) @executable_path/Frameworks @loader_path/Frameworks";
				PRODUCT_BUNDLE_IDENTIFIER = com.au.klunx.ProyectoFinalv2UITests;
				PRODUCT_NAME = "$(TARGET_NAME)";
				TEST_TARGET_NAME = ProyectoFinalv2;
			};
			name = Release;
		};
/* End XCBuildConfiguration section */

/* Begin XCConfigurationList section */
		EE2E26041D4E584E001910BF /* Build configuration list for PBXNativeTarget "ProyectoFinalv2AW Extension" */ = {
			isa = XCConfigurationList;
			buildConfigurations = (
				EE2E26021D4E584E001910BF /* Debug */,
				EE2E26031D4E584E001910BF /* Release */,
			);
			defaultConfigurationIsVisible = 0;
		};
		EE2E26061D4E584E001910BF /* Build configuration list for PBXNativeTarget "ProyectoFinalv2AW" */ = {
			isa = XCConfigurationList;
			buildConfigurations = (
				EE2E26001D4E584E001910BF /* Debug */,
				EE2E26011D4E584E001910BF /* Release */,
			);
			defaultConfigurationIsVisible = 0;
		};
		EEDA3F551D3CE040009E6597 /* Build configuration list for PBXProject "ProyectoFinalv2" */ = {
			isa = XCConfigurationList;
			buildConfigurations = (
				EEDA3F831D3CE040009E6597 /* Debug */,
				EEDA3F841D3CE040009E6597 /* Release */,
			);
			defaultConfigurationIsVisible = 0;
			defaultConfigurationName = Release;
		};
		EEDA3F851D3CE040009E6597 /* Build configuration list for PBXNativeTarget "ProyectoFinalv2" */ = {
			isa = XCConfigurationList;
			buildConfigurations = (
				EEDA3F861D3CE040009E6597 /* Debug */,
				EEDA3F871D3CE040009E6597 /* Release */,
			);
			defaultConfigurationIsVisible = 0;
			defaultConfigurationName = Release;
		};
		EEDA3F881D3CE040009E6597 /* Build configuration list for PBXNativeTarget "ProyectoFinalv2Tests" */ = {
			isa = XCConfigurationList;
			buildConfigurations = (
				EEDA3F891D3CE040009E6597 /* Debug */,
				EEDA3F8A1D3CE040009E6597 /* Release */,
			);
			defaultConfigurationIsVisible = 0;
			defaultConfigurationName = Release;
		};
		EEDA3F8B1D3CE040009E6597 /* Build configuration list for PBXNativeTarget "ProyectoFinalv2UITests" */ = {
			isa = XCConfigurationList;
			buildConfigurations = (
				EEDA3F8C1D3CE040009E6597 /* Debug */,
				EEDA3F8D1D3CE040009E6597 /* Release */,
			);
			defaultConfigurationIsVisible = 0;
			defaultConfigurationName = Release;
		};
/* End XCConfigurationList section */

/* Begin XCVersionGroup section */
		EEDA3F641D3CE040009E6597 /* ProyectoFinalv2.xcdatamodeld */ = {
			isa = XCVersionGroup;
			children = (
				EEDA3F651D3CE040009E6597 /* ProyectoFinalv2.xcdatamodel */,
			);
			currentVersion = EEDA3F651D3CE040009E6597 /* ProyectoFinalv2.xcdatamodel */;
			path = ProyectoFinalv2.xcdatamodeld;
			sourceTree = "<group>";
			versionGroupType = wrapper.xcdatamodel;
		};
/* End XCVersionGroup section */
	};
	rootObject = EEDA3F521D3CE040009E6597 /* Project object */;
}
